apiVersion: vendir.k14s.io/v1alpha1
directories:
- contents:
  - git:
      commitTitle: 'Merge pull request #20 from GaloyMoney/feat/fuzz-job...'
      sha: 9184832cfd4d1cf5ce4ac750dbb73c7090e27576
    path: .
  path: ../.github/workflows/vendor
- contents:
  - git:
      commitTitle: 'Merge pull request #20 from GaloyMoney/feat/fuzz-job...'
      sha: 9184832cfd4d1cf5ce4ac750dbb73c7090e27576
    path: .
  path: vendor
kind: LockConfig
