apiVersion: vendir.k14s.io/v1alpha1
directories:
- contents:
  - git:
      commitTitle: 'Merge pull request #26 from GaloyMoney/codex/concourse-local-nix-cache...'
      sha: 4aaa18efe8255860ab19ab88402d25ada15e51be
    path: .
  path: ../.github/workflows/vendor
- contents:
  - git:
      commitTitle: 'Merge pull request #26 from GaloyMoney/codex/concourse-local-nix-cache...'
      sha: 4aaa18efe8255860ab19ab88402d25ada15e51be
    path: .
  path: vendor
kind: LockConfig
